PODS:
  - LibTorch-Lite (2.1.0):
    - LibTorch-Lite/Core (= 2.1.0)
  - LibTorch-Lite/Core (2.1.0):
    - LibTorch-Lite/Torch
  - LibTorch-Lite/Torch (2.1.0)

DEPENDENCIES:
  - LibTorch-Lite (= 2.1.0)

SPEC REPOS:
  trunk:
    - LibTorch-Lite

SPEC CHECKSUMS:
  LibTorch-Lite: ab75e4e60244786473c2e8f268c09af77240d127

PODFILE CHECKSUM: 34c266821e11e5ef8d0a727dc4dcba359c358c0b

COCOAPODS: 1.15.2
