PODS:
  - LibTorch-Lite (1.12.0):
    - LibTorch-Lite/Core (= 1.12.0)
  - LibTorch-Lite/Core (1.12.0):
    - LibTorch-Lite/Torch
  - LibTorch-Lite/Torch (1.12.0)

DEPENDENCIES:
  - LibTorch-Lite (= 1.12.0)

SPEC REPOS:
  trunk:
    - LibTorch-Lite

SPEC CHECKSUMS:
  LibTorch-Lite: c2210be0ed41c3a7f972c82715663a44d35ad97c

PODFILE CHECKSUM: bc7247ebc31742154602ce637c65c9becdce3435

COCOAPODS: 1.11.3
