PODS:
  - LibTorch-Lite (1.11.0):
    - LibTorch-Lite/Core (= 1.11.0)
  - LibTorch-Lite/Core (1.11.0):
    - LibTorch-Lite/Torch
  - LibTorch-Lite/Torch (1.11.0)

DEPENDENCIES:
  - LibTorch-Lite (= 1.11.0)

SPEC REPOS:
  trunk:
    - LibTorch-Lite

SPEC CHECKSUMS:
  LibTorch-Lite: 14eb78f01cb0c9b5caaaf98c05c3faa1810cbca5

PODFILE CHECKSUM: d1b9333c0845db3ce9b7b9b5b8255db0b64e787f

COCOAPODS: 1.11.3
