// !$*UTF8*$!
{
	archiveVersion = 1;
	classes = {
	};
	objectVersion = 55;
	objects = {

/* Begin PBXBuildFile section */
		3847982B27FDA16900E4E801 /* LibTorchWrapper.h in Headers */ = {isa = PBXBuildFile; fileRef = 3847982A27FDA16900E4E801 /* LibTorchWrapper.h */; settings = {ATTRIBUTES = (Public, ); }; };
		3847983527FDA24E00E4E801 /* TorchModule.mm in Sources */ = {isa = PBXBuildFile; fileRef = 3847983427FDA24E00E4E801 /* TorchModule.mm */; };
		3847983627FDA47C00E4E801 /* TorchModule.h in Headers */ = {isa = PBXBuildFile; fileRef = 3847983327FDA23E00E4E801 /* TorchModule.h */; settings = {ATTRIBUTES = (Public, ); }; };
		3847983727FDA47F00E4E801 /* ModelOutput.h in Headers */ = {isa = PBXBuildFile; fileRef = 3847983227FDA21900E4E801 /* ModelOutput.h */; settings = {ATTRIBUTES = (Public, ); }; };
		3847983827FDA48100E4E801 /* ModelOutput.m in Sources */ = {isa = PBXBuildFile; fileRef = 3847983127FDA20200E4E801 /* ModelOutput.m */; };
		3847987427FDAB4700E4E801 /* Pods_LibTorchWrapper.framework in Frameworks */ = {isa = PBXBuildFile; fileRef = 6B89995C3343293DA6F21CC1 /* Pods_LibTorchWrapper.framework */; };
		3847987527FDAB4700E4E801 /* Pods_LibTorchWrapper.framework in Embed Frameworks */ = {isa = PBXBuildFile; fileRef = 6B89995C3343293DA6F21CC1 /* Pods_LibTorchWrapper.framework */; settings = {ATTRIBUTES = (CodeSignOnCopy, RemoveHeadersOnCopy, ); }; };
/* End PBXBuildFile section */

/* Begin PBXCopyFilesBuildPhase section */
		3847987627FDAB4700E4E801 /* Embed Frameworks */ = {
			isa = PBXCopyFilesBuildPhase;
			buildActionMask = 2147483647;
			dstPath = "";
			dstSubfolderSpec = 10;
			files = (
				3847987527FDAB4700E4E801 /* Pods_LibTorchWrapper.framework in Embed Frameworks */,
			);
			name = "Embed Frameworks";
			runOnlyForDeploymentPostprocessing = 0;
		};
/* End PBXCopyFilesBuildPhase section */

/* Begin PBXFileReference section */
		301210CF02902776B50A305E /* Pods-LibTorchWrapper.release.xcconfig */ = {isa = PBXFileReference; includeInIndex = 1; lastKnownFileType = text.xcconfig; name = "Pods-LibTorchWrapper.release.xcconfig"; path = "Target Support Files/Pods-LibTorchWrapper/Pods-LibTorchWrapper.release.xcconfig"; sourceTree = "<group>"; };
		3847982727FDA16900E4E801 /* LibTorchWrapper.framework */ = {isa = PBXFileReference; explicitFileType = wrapper.framework; includeInIndex = 0; path = LibTorchWrapper.framework; sourceTree = BUILT_PRODUCTS_DIR; };
		3847982A27FDA16900E4E801 /* LibTorchWrapper.h */ = {isa = PBXFileReference; lastKnownFileType = sourcecode.c.h; path = LibTorchWrapper.h; sourceTree = "<group>"; };
		3847983127FDA20200E4E801 /* ModelOutput.m */ = {isa = PBXFileReference; explicitFileType = sourcecode.c.objc; path = ModelOutput.m; sourceTree = "<group>"; };
		3847983227FDA21900E4E801 /* ModelOutput.h */ = {isa = PBXFileReference; lastKnownFileType = sourcecode.c.h; path = ModelOutput.h; sourceTree = "<group>"; };
		3847983327FDA23E00E4E801 /* TorchModule.h */ = {isa = PBXFileReference; lastKnownFileType = sourcecode.c.h; path = TorchModule.h; sourceTree = "<group>"; };
		3847983427FDA24E00E4E801 /* TorchModule.mm */ = {isa = PBXFileReference; explicitFileType = sourcecode.cpp.objcpp; path = TorchModule.mm; sourceTree = "<group>"; };
		6B89995C3343293DA6F21CC1 /* Pods_LibTorchWrapper.framework */ = {isa = PBXFileReference; explicitFileType = wrapper.framework; includeInIndex = 0; path = Pods_LibTorchWrapper.framework; sourceTree = BUILT_PRODUCTS_DIR; };
		832BCE924628D1EF951626DC /* Pods-LibTorchWrapper.debug.xcconfig */ = {isa = PBXFileReference; includeInIndex = 1; lastKnownFileType = text.xcconfig; name = "Pods-LibTorchWrapper.debug.xcconfig"; path = "Target Support Files/Pods-LibTorchWrapper/Pods-LibTorchWrapper.debug.xcconfig"; sourceTree = "<group>"; };
/* End PBXFileReference section */

/* Begin PBXFrameworksBuildPhase section */
		3847982427FDA16900E4E801 /* Frameworks */ = {
			isa = PBXFrameworksBuildPhase;
			buildActionMask = 2147483647;
			files = (
				3847987427FDAB4700E4E801 /* Pods_LibTorchWrapper.framework in Frameworks */,
			);
			runOnlyForDeploymentPostprocessing = 0;
		};
/* End PBXFrameworksBuildPhase section */

/* Begin PBXGroup section */
		25E7A9DC98D7398E5C3BE4D4 /* Pods */ = {
			isa = PBXGroup;
			children = (
				832BCE924628D1EF951626DC /* Pods-LibTorchWrapper.debug.xcconfig */,
				301210CF02902776B50A305E /* Pods-LibTorchWrapper.release.xcconfig */,
			);
			path = Pods;
			sourceTree = "<group>";
		};
		3847981D27FDA16800E4E801 = {
			isa = PBXGroup;
			children = (
				3847982927FDA16900E4E801 /* LibTorchWrapper */,
				3847982827FDA16900E4E801 /* Products */,
				25E7A9DC98D7398E5C3BE4D4 /* Pods */,
				9A83B6AD54616E14F630D79D /* Frameworks */,
			);
			sourceTree = "<group>";
		};
		3847982827FDA16900E4E801 /* Products */ = {
			isa = PBXGroup;
			children = (
				3847982727FDA16900E4E801 /* LibTorchWrapper.framework */,
			);
			name = Products;
			sourceTree = "<group>";
		};
		3847982927FDA16900E4E801 /* LibTorchWrapper */ = {
			isa = PBXGroup;
			children = (
				3847982A27FDA16900E4E801 /* LibTorchWrapper.h */,
				3847983127FDA20200E4E801 /* ModelOutput.m */,
				3847983227FDA21900E4E801 /* ModelOutput.h */,
				3847983327FDA23E00E4E801 /* TorchModule.h */,
				3847983427FDA24E00E4E801 /* TorchModule.mm */,
			);
			path = LibTorchWrapper;
			sourceTree = "<group>";
		};
		9A83B6AD54616E14F630D79D /* Frameworks */ = {
			isa = PBXGroup;
			children = (
				6B89995C3343293DA6F21CC1 /* Pods_LibTorchWrapper.framework */,
			);
			name = Frameworks;
			sourceTree = "<group>";
		};
/* End PBXGroup section */

/* Begin PBXHeadersBuildPhase section */
		3847982227FDA16900E4E801 /* Headers */ = {
			isa = PBXHeadersBuildPhase;
			buildActionMask = 2147483647;
			files = (
				3847983727FDA47F00E4E801 /* ModelOutput.h in Headers */,
				3847982B27FDA16900E4E801 /* LibTorchWrapper.h in Headers */,
				3847983627FDA47C00E4E801 /* TorchModule.h in Headers */,
			);
			runOnlyForDeploymentPostprocessing = 0;
		};
/* End PBXHeadersBuildPhase section */

/* Begin PBXNativeTarget section */
		3847982627FDA16900E4E801 /* LibTorchWrapper */ = {
			isa = PBXNativeTarget;
			buildConfigurationList = 3847982E27FDA16900E4E801 /* Build configuration list for PBXNativeTarget "LibTorchWrapper" */;
			buildPhases = (
				D99EFF624BB4F8682BE90BFC /* [CP] Check Pods Manifest.lock */,
				3847982227FDA16900E4E801 /* Headers */,
				3847982327FDA16900E4E801 /* Sources */,
				3847982427FDA16900E4E801 /* Frameworks */,
				3847982527FDA16900E4E801 /* Resources */,
				3847987627FDAB4700E4E801 /* Embed Frameworks */,
			);
			buildRules = (
			);
			dependencies = (
			);
			name = LibTorchWrapper;
			productName = LibTorchWrapper;
			productReference = 3847982727FDA16900E4E801 /* LibTorchWrapper.framework */;
			productType = "com.apple.product-type.framework";
		};
/* End PBXNativeTarget section */

/* Begin PBXProject section */
		3847981E27FDA16800E4E801 /* Project object */ = {
			isa = PBXProject;
			attributes = {
				BuildIndependentTargetsInParallel = 1;
				LastUpgradeCheck = 1330;
				TargetAttributes = {
					3847982627FDA16900E4E801 = {
						CreatedOnToolsVersion = 13.3;
					};
				};
			};
			buildConfigurationList = 3847982127FDA16800E4E801 /* Build configuration list for PBXProject "LibTorchWrapper" */;
			compatibilityVersion = "Xcode 13.0";
			developmentRegion = en;
			hasScannedForEncodings = 0;
			knownRegions = (
				en,
				Base,
			);
			mainGroup = 3847981D27FDA16800E4E801;
			productRefGroup = 3847982827FDA16900E4E801 /* Products */;
			projectDirPath = "";
			projectRoot = "";
			targets = (
				3847982627FDA16900E4E801 /* LibTorchWrapper */,
			);
		};
/* End PBXProject section */

/* Begin PBXResourcesBuildPhase section */
		3847982527FDA16900E4E801 /* Resources */ = {
			isa = PBXResourcesBuildPhase;
			buildActionMask = 2147483647;
			files = (
			);
			runOnlyForDeploymentPostprocessing = 0;
		};
/* End PBXResourcesBuildPhase section */

/* Begin PBXShellScriptBuildPhase section */
		D99EFF624BB4F8682BE90BFC /* [CP] Check Pods Manifest.lock */ = {
			isa = PBXShellScriptBuildPhase;
			buildActionMask = 2147483647;
			files = (
			);
			inputFileListPaths = (
			);
			inputPaths = (
				"${PODS_PODFILE_DIR_PATH}/Podfile.lock",
				"${PODS_ROOT}/Manifest.lock",
			);
			name = "[CP] Check Pods Manifest.lock";
			outputFileListPaths = (
			);
			outputPaths = (
				"$(DERIVED_FILE_DIR)/Pods-LibTorchWrapper-checkManifestLockResult.txt",
			);
			runOnlyForDeploymentPostprocessing = 0;
			shellPath = /bin/sh;
			shellScript = "diff \"${PODS_PODFILE_DIR_PATH}/Podfile.lock\" \"${PODS_ROOT}/Manifest.lock\" > /dev/null\nif [ $? != 0 ] ; then\n    # print error to STDERR\n    echo \"error: The sandbox is not in sync with the Podfile.lock. Run 'pod install' or update your CocoaPods installation.\" >&2\n    exit 1\nfi\n# This output is used by Xcode 'outputs' to avoid re-running this script phase.\necho \"SUCCESS\" > \"${SCRIPT_OUTPUT_FILE_0}\"\n";
			showEnvVarsInLog = 0;
		};
/* End PBXShellScriptBuildPhase section */

/* Begin PBXSourcesBuildPhase section */
		3847982327FDA16900E4E801 /* Sources */ = {
			isa = PBXSourcesBuildPhase;
			buildActionMask = 2147483647;
			files = (
				3847983827FDA48100E4E801 /* ModelOutput.m in Sources */,
				3847983527FDA24E00E4E801 /* TorchModule.mm in Sources */,
			);
			runOnlyForDeploymentPostprocessing = 0;
		};
/* End PBXSourcesBuildPhase section */

/* Begin XCBuildConfiguration section */
		3847982C27FDA16900E4E801 /* Debug */ = {
			isa = XCBuildConfiguration;
			buildSettings = {
				ALWAYS_SEARCH_USER_PATHS = NO;
				ARCHS = arm64;
				CLANG_ANALYZER_NONNULL = YES;
				CLANG_ANALYZER_NUMBER_OBJECT_CONVERSION = YES_AGGRESSIVE;
				CLANG_CXX_LANGUAGE_STANDARD = "gnu++17";
				CLANG_ENABLE_MODULES = YES;
				CLANG_ENABLE_OBJC_ARC = YES;
				CLANG_ENABLE_OBJC_WEAK = YES;
				CLANG_WARN_BLOCK_CAPTURE_AUTORELEASING = YES;
				CLANG_WARN_BOOL_CONVERSION = YES;
				CLANG_WARN_COMMA = YES;
				CLANG_WARN_CONSTANT_CONVERSION = YES;
				CLANG_WARN_DEPRECATED_OBJC_IMPLEMENTATIONS = YES;
				CLANG_WARN_DIRECT_OBJC_ISA_USAGE = YES_ERROR;
				CLANG_WARN_DOCUMENTATION_COMMENTS = YES;
				CLANG_WARN_EMPTY_BODY = YES;
				CLANG_WARN_ENUM_CONVERSION = YES;
				CLANG_WARN_INFINITE_RECURSION = YES;
				CLANG_WARN_INT_CONVERSION = YES;
				CLANG_WARN_NON_LITERAL_NULL_CONVERSION = YES;
				CLANG_WARN_OBJC_IMPLICIT_RETAIN_SELF = YES;
				CLANG_WARN_OBJC_LITERAL_CONVERSION = YES;
				CLANG_WARN_OBJC_ROOT_CLASS = YES_ERROR;
				CLANG_WARN_QUOTED_INCLUDE_IN_FRAMEWORK_HEADER = YES;
				CLANG_WARN_RANGE_LOOP_ANALYSIS = YES;
				CLANG_WARN_STRICT_PROTOTYPES = YES;
				CLANG_WARN_SUSPICIOUS_MOVE = YES;
				CLANG_WARN_UNGUARDED_AVAILABILITY = YES_AGGRESSIVE;
				CLANG_WARN_UNREACHABLE_CODE = YES;
				CLANG_WARN__DUPLICATE_METHOD_MATCH = YES;
				COPY_PHASE_STRIP = NO;
				CURRENT_PROJECT_VERSION = 1;
				DEBUG_INFORMATION_FORMAT = dwarf;
				ENABLE_STRICT_OBJC_MSGSEND = YES;
				ENABLE_TESTABILITY = YES;
				EXCLUDED_ARCHS = armv7;
				GCC_C_LANGUAGE_STANDARD = gnu11;
				GCC_DYNAMIC_NO_PIC = NO;
				GCC_NO_COMMON_BLOCKS = YES;
				GCC_OPTIMIZATION_LEVEL = 0;
				GCC_PREPROCESSOR_DEFINITIONS = (
					"DEBUG=1",
					"$(inherited)",
				);
				GCC_WARN_64_TO_32_BIT_CONVERSION = YES;
				GCC_WARN_ABOUT_RETURN_TYPE = YES_ERROR;
				GCC_WARN_UNDECLARED_SELECTOR = YES;
				GCC_WARN_UNINITIALIZED_AUTOS = YES_AGGRESSIVE;
				GCC_WARN_UNUSED_FUNCTION = YES;
				GCC_WARN_UNUSED_VARIABLE = YES;
				IPHONEOS_DEPLOYMENT_TARGET = 15.4;
				MTL_ENABLE_DEBUG_INFO = INCLUDE_SOURCE;
				MTL_FAST_MATH = YES;
				ONLY_ACTIVE_ARCH = YES;
				SDKROOT = iphoneos;
				VERSIONING_SYSTEM = "apple-generic";
				VERSION_INFO_PREFIX = "";
			};
			name = Debug;
		};
		3847982D27FDA16900E4E801 /* Release */ = {
			isa = XCBuildConfiguration;
			buildSettings = {
				ALWAYS_SEARCH_USER_PATHS = NO;
				ARCHS = arm64;
				CLANG_ANALYZER_NONNULL = YES;
				CLANG_ANALYZER_NUMBER_OBJECT_CONVERSION = YES_AGGRESSIVE;
				CLANG_CXX_LANGUAGE_STANDARD = "gnu++17";
				CLANG_ENABLE_MODULES = YES;
				CLANG_ENABLE_OBJC_ARC = YES;
				CLANG_ENABLE_OBJC_WEAK = YES;
				CLANG_WARN_BLOCK_CAPTURE_AUTORELEASING = YES;
				CLANG_WARN_BOOL_CONVERSION = YES;
				CLANG_WARN_COMMA = YES;
				CLANG_WARN_CONSTANT_CONVERSION = YES;
				CLANG_WARN_DEPRECATED_OBJC_IMPLEMENTATIONS = YES;
				CLANG_WARN_DIRECT_OBJC_ISA_USAGE = YES_ERROR;
				CLANG_WARN_DOCUMENTATION_COMMENTS = YES;
				CLANG_WARN_EMPTY_BODY = YES;
				CLANG_WARN_ENUM_CONVERSION = YES;
				CLANG_WARN_INFINITE_RECURSION = YES;
				CLANG_WARN_INT_CONVERSION = YES;
				CLANG_WARN_NON_LITERAL_NULL_CONVERSION = YES;
				CLANG_WARN_OBJC_IMPLICIT_RETAIN_SELF = YES;
				CLANG_WARN_OBJC_LITERAL_CONVERSION = YES;
				CLANG_WARN_OBJC_ROOT_CLASS = YES_ERROR;
				CLANG_WARN_QUOTED_INCLUDE_IN_FRAMEWORK_HEADER = YES;
				CLANG_WARN_RANGE_LOOP_ANALYSIS = YES;
				CLANG_WARN_STRICT_PROTOTYPES = YES;
				CLANG_WARN_SUSPICIOUS_MOVE = YES;
				CLANG_WARN_UNGUARDED_AVAILABILITY = YES_AGGRESSIVE;
				CLANG_WARN_UNREACHABLE_CODE = YES;
				CLANG_WARN__DUPLICATE_METHOD_MATCH = YES;
				COPY_PHASE_STRIP = NO;
				CURRENT_PROJECT_VERSION = 1;
				DEBUG_INFORMATION_FORMAT = "dwarf-with-dsym";
				ENABLE_NS_ASSERTIONS = NO;
				ENABLE_STRICT_OBJC_MSGSEND = YES;
				EXCLUDED_ARCHS = armv7;
				GCC_C_LANGUAGE_STANDARD = gnu11;
				GCC_NO_COMMON_BLOCKS = YES;
				GCC_WARN_64_TO_32_BIT_CONVERSION = YES;
				GCC_WARN_ABOUT_RETURN_TYPE = YES_ERROR;
				GCC_WARN_UNDECLARED_SELECTOR = YES;
				GCC_WARN_UNINITIALIZED_AUTOS = YES_AGGRESSIVE;
				GCC_WARN_UNUSED_FUNCTION = YES;
				GCC_WARN_UNUSED_VARIABLE = YES;
				IPHONEOS_DEPLOYMENT_TARGET = 15.4;
				MTL_ENABLE_DEBUG_INFO = NO;
				MTL_FAST_MATH = YES;
				SDKROOT = iphoneos;
				VALIDATE_PRODUCT = YES;
				VERSIONING_SYSTEM = "apple-generic";
				VERSION_INFO_PREFIX = "";
			};
			name = Release;
		};
		3847982F27FDA16900E4E801 /* Debug */ = {
			isa = XCBuildConfiguration;
			baseConfigurationReference = 832BCE924628D1EF951626DC /* Pods-LibTorchWrapper.debug.xcconfig */;
			buildSettings = {
				ARCHS = "$(ARCHS_STANDARD)";
				CODE_SIGN_STYLE = Automatic;
				CURRENT_PROJECT_VERSION = 1;
				DEFINES_MODULE = YES;
				DEVELOPMENT_TEAM = 9MRSUDMBX8;
				DYLIB_COMPATIBILITY_VERSION = 1;
				DYLIB_CURRENT_VERSION = 1;
				DYLIB_INSTALL_NAME_BASE = "@rpath";
				ENABLE_BITCODE = NO;
				GENERATE_INFOPLIST_FILE = YES;
				INFOPLIST_KEY_NSHumanReadableCopyright = "";
				INSTALL_PATH = "$(LOCAL_LIBRARY_DIR)/Frameworks";
				IPHONEOS_DEPLOYMENT_TARGET = 9.0;
				"IPHONEOS_DEPLOYMENT_TARGET[sdk=macosx*]" = 13.1;
				LD_RUNPATH_SEARCH_PATHS = (
					"$(inherited)",
					"@executable_path/Frameworks",
					"@loader_path/Frameworks",
				);
				MARKETING_VERSION = 1.0;
				PRODUCT_BUNDLE_IDENTIFIER = de.voize.LibTorchWrapper;
				PRODUCT_NAME = "$(TARGET_NAME:c99extidentifier)";
				SKIP_INSTALL = YES;
				SUPPORTS_MACCATALYST = YES;
				SWIFT_EMIT_LOC_STRINGS = YES;
				TARGETED_DEVICE_FAMILY = "1,2";
			};
			name = Debug;
		};
		3847983027FDA16900E4E801 /* Release */ = {
			isa = XCBuildConfiguration;
			baseConfigurationReference = 301210CF02902776B50A305E /* Pods-LibTorchWrapper.release.xcconfig */;
			buildSettings = {
				ARCHS = "$(ARCHS_STANDARD)";
				CODE_SIGN_STYLE = Automatic;
				CURRENT_PROJECT_VERSION = 1;
				DEFINES_MODULE = YES;
				DEVELOPMENT_TEAM = 9MRSUDMBX8;
				DYLIB_COMPATIBILITY_VERSION = 1;
				DYLIB_CURRENT_VERSION = 1;
				DYLIB_INSTALL_NAME_BASE = "@rpath";
				ENABLE_BITCODE = NO;
				GENERATE_INFOPLIST_FILE = YES;
				INFOPLIST_KEY_NSHumanReadableCopyright = "";
				INSTALL_PATH = "$(LOCAL_LIBRARY_DIR)/Frameworks";
				IPHONEOS_DEPLOYMENT_TARGET = 9.0;
				"IPHONEOS_DEPLOYMENT_TARGET[sdk=macosx*]" = 13.1;
				LD_RUNPATH_SEARCH_PATHS = (
					"$(inherited)",
					"@executable_path/Frameworks",
					"@loader_path/Frameworks",
				);
				MARKETING_VERSION = 1.0;
				PRODUCT_BUNDLE_IDENTIFIER = de.voize.LibTorchWrapper;
				PRODUCT_NAME = "$(TARGET_NAME:c99extidentifier)";
				SKIP_INSTALL = YES;
				SUPPORTS_MACCATALYST = YES;
				SWIFT_EMIT_LOC_STRINGS = YES;
				TARGETED_DEVICE_FAMILY = "1,2";
			};
			name = Release;
		};
/* End XCBuildConfiguration section */

/* Begin XCConfigurationList section */
		3847982127FDA16800E4E801 /* Build configuration list for PBXProject "LibTorchWrapper" */ = {
			isa = XCConfigurationList;
			buildConfigurations = (
				3847982C27FDA16900E4E801 /* Debug */,
				3847982D27FDA16900E4E801 /* Release */,
			);
			defaultConfigurationIsVisible = 0;
			defaultConfigurationName = Release;
		};
		3847982E27FDA16900E4E801 /* Build configuration list for PBXNativeTarget "LibTorchWrapper" */ = {
			isa = XCConfigurationList;
			buildConfigurations = (
				3847982F27FDA16900E4E801 /* Debug */,
				3847983027FDA16900E4E801 /* Release */,
			);
			defaultConfigurationIsVisible = 0;
			defaultConfigurationName = Release;
		};
/* End XCConfigurationList section */
	};
	rootObject = 3847981E27FDA16800E4E801 /* Project object */;
}
